
Microsoft Visual Studio Solution File, Format Version 12.00
# Visual Studio 2012
Project("{FAE04EC0-301F-11D3-BF4B-00C04F79EFBC}") = "AplWebMasterPage_2", "AplWebMasterPage_2\AplWebMasterPage_2.csproj", "{A69C4074-A412-421C-9DCF-E5285E969A7E}"
EndProject
Global
	GlobalSection(SolutionConfigurationPlatforms) = preSolution
		Debug|Any CPU = Debug|Any CPU
		Release|Any CPU = Release|Any CPU
	EndGlobalSection
	GlobalSection(ProjectConfigurationPlatforms) = postSolution
		{A69C4074-A412-421C-9DCF-E5285E969A7E}.Debug|Any CPU.ActiveCfg = Debug|Any CPU
		{A69C4074-A412-421C-9DCF-E5285E969A7E}.Debug|Any CPU.Build.0 = Debug|Any CPU
		{A69C4074-A412-421C-9DCF-E5285E969A7E}.Release|Any CPU.ActiveCfg = Release|Any CPU
		{A69C4074-A412-421C-9DCF-E5285E969A7E}.Release|Any CPU.Build.0 = Release|Any CPU
	EndGlobalSection
	GlobalSection(SolutionProperties) = preSolution
		HideSolutionNode = FALSE
	EndGlobalSection
EndGlobal
